<?xml version="1.0" encoding="UTF-8"?>
<!DOCTYPE plist PUBLIC "-//Apple//DTD PLIST 1.0//EN" "http://www.apple.com/DTDs/PropertyList-1.0.dtd">
<plist version="1.0">
<dict>
	<key>archiveVersion</key>
	<string>1</string>
	<key>classes</key>
	<dict/>
	<key>objectVersion</key>
	<string>46</string>
	<key>objects</key>
	<dict>
		<key>00D6A54AAB1A47EFB11CB139</key>
		<dict>
			<key>fileRef</key>
			<string>143085CB097948B397B0A702</string>
			<key>isa</key>
			<string>PBXBuildFile</string>
		</dict>
		<key>0C46880D5DD7DF689309C43A</key>
		<dict>
			<key>children</key>
			<array>
				<string>EA1D62EF3684507F435227F6</string>
				<string>8D915D7192956F1BE079D1AF</string>
				<string>331F3D3625926F5A0B23882F</string>
				<string>B8404EBC917596B51E62BE73</string>
			</array>
			<key>isa</key>
			<string>PBXGroup</string>
			<key>name</key>
			<string>Pods</string>
			<key>path</key>
			<string>Pods</string>
			<key>sourceTree</key>
			<string>&lt;group&gt;</string>
		</dict>
		<key>143085CB097948B397B0A702</key>
		<dict>
			<key>explicitFileType</key>
			<string>archive.ar</string>
			<key>includeInIndex</key>
			<string>0</string>
			<key>isa</key>
			<string>PBXFileReference</string>
			<key>path</key>
			<string>libPods-CollectionViewExample.a</string>
			<key>sourceTree</key>
			<string>BUILT_PRODUCTS_DIR</string>
		</dict>
		<key>331F3D3625926F5A0B23882F</key>
		<dict>
			<key>includeInIndex</key>
			<string>1</string>
			<key>isa</key>
			<string>PBXFileReference</string>
			<key>lastKnownFileType</key>
			<string>text.xcconfig</string>
			<key>name</key>
			<string>Pods-CollectionViewExampleTests.debug.xcconfig</string>
			<key>path</key>
			<string>Pods-CollectionViewExampleTests.debug.xcconfig</string>
			<key>sourceTree</key>
			<string>&lt;group&gt;</string>
		</dict>
		<key>5AEF8A562B8E45618CCA6A00</key>
		<dict>
			<key>buildActionMask</key>
			<string>2147483647</string>
			<key>files</key>
			<array/>
			<key>inputPaths</key>
			<array/>
			<key>isa</key>
			<string>PBXShellScriptBuildPhase</string>
			<key>name</key>
			<string>Check Pods Manifest.lock</string>
			<key>outputPaths</key>
			<array/>
			<key>runOnlyForDeploymentPostprocessing</key>
			<string>0</string>
			<key>shellPath</key>
			<string>/bin/sh</string>
			<key>shellScript</key>
			<string>diff "${PODS_ROOT}/../Podfile.lock" "${PODS_ROOT}/Manifest.lock" &gt; /dev/null
if [[ $? != 0 ]] ; then
    cat &lt;&lt; EOM
error: The sandbox is not in sync with the Podfile.lock. Run 'pod install' or update your CocoaPods installation.
EOM
    exit 1
fi
</string>
			<key>showEnvVarsInLog</key>
			<string>0</string>
		</dict>
		<key>65CF731E267D496FAAF5A3E5</key>
		<dict>
			<key>explicitFileType</key>
			<string>archive.ar</string>
			<key>includeInIndex</key>
			<string>0</string>
			<key>isa</key>
			<string>PBXFileReference</string>
			<key>path</key>
			<string>libPods-CollectionViewExampleTests.a</string>
			<key>sourceTree</key>
			<string>BUILT_PRODUCTS_DIR</string>
		</dict>
		<key>89E55926E7D34813BB9CA1C5</key>
		<dict>
			<key>buildActionMask</key>
			<string>2147483647</string>
			<key>files</key>
			<array/>
			<key>inputPaths</key>
			<array/>
			<key>isa</key>
			<string>PBXShellScriptBuildPhase</string>
			<key>name</key>
			<string>Copy Pods Resources</string>
			<key>outputPaths</key>
			<array/>
			<key>runOnlyForDeploymentPostprocessing</key>
			<string>0</string>
			<key>shellPath</key>
			<string>/bin/sh</string>
			<key>shellScript</key>
			<string>"${SRCROOT}/Pods/Target Support Files/Pods-CollectionViewExampleTests/Pods-CollectionViewExampleTests-resources.sh"
</string>
			<key>showEnvVarsInLog</key>
			<string>0</string>
		</dict>
		<key>8D915D7192956F1BE079D1AF</key>
		<dict>
			<key>includeInIndex</key>
			<string>1</string>
			<key>isa</key>
			<string>PBXFileReference</string>
			<key>lastKnownFileType</key>
			<string>text.xcconfig</string>
			<key>name</key>
			<string>Pods-CollectionViewExample.release.xcconfig</string>
			<key>path</key>
			<string>Pods-CollectionViewExample.release.xcconfig</string>
			<key>sourceTree</key>
			<string>&lt;group&gt;</string>
		</dict>
		<key>9D1CBF7819CB0EEE00894D70</key>
		<dict>
			<key>fileEncoding</key>
			<string>4</string>
			<key>isa</key>
			<string>PBXFileReference</string>
			<key>lastKnownFileType</key>
			<string>sourcecode.c.h</string>
			<key>path</key>
			<string>HTTPStubHelpers.h</string>
			<key>sourceTree</key>
			<string>&lt;group&gt;</string>
		</dict>
		<key>9D1CBF7919CB0EEE00894D70</key>
		<dict>
			<key>fileEncoding</key>
			<string>4</string>
			<key>isa</key>
			<string>PBXFileReference</string>
			<key>lastKnownFileType</key>
			<string>sourcecode.c.objc</string>
			<key>path</key>
			<string>HTTPStubHelpers.m</string>
			<key>sourceTree</key>
			<string>&lt;group&gt;</string>
		</dict>
		<key>9D1CBF7A19CB0EEE00894D70</key>
		<dict>
			<key>fileRef</key>
			<string>9D1CBF7919CB0EEE00894D70</string>
			<key>isa</key>
			<string>PBXBuildFile</string>
		</dict>
		<key>9D32B64C19A532A6009526A9</key>
		<dict>
			<key>children</key>
			<array>
				<string>9D32B64F19A53CBD009526A9</string>
			</array>
			<key>isa</key>
			<string>PBXGroup</string>
			<key>name</key>
			<string>ViewModels</string>
			<key>path</key>
			<string>ViewModels</string>
			<key>sourceTree</key>
			<string>&lt;group&gt;</string>
		</dict>
		<key>9D32B64F19A53CBD009526A9</key>
		<dict>
			<key>fileEncoding</key>
			<string>4</string>
			<key>isa</key>
			<string>PBXFileReference</string>
			<key>lastKnownFileType</key>
			<string>sourcecode.c.objc</string>
			<key>path</key>
			<string>ProductViewModelSpec.m</string>
			<key>sourceTree</key>
			<string>&lt;group&gt;</string>
		</dict>
		<key>9D32B65019A53CBD009526A9</key>
		<dict>
			<key>fileRef</key>
			<string>9D32B64F19A53CBD009526A9</string>
			<key>isa</key>
			<string>PBXBuildFile</string>
		</dict>
		<key>9D3CCC531998B06200A464C0</key>
		<dict>
			<key>isa</key>
			<string>PBXFileReference</string>
			<key>lastKnownFileType</key>
			<string>sourcecode.c.h</string>
			<key>path</key>
			<string>ProductFetcher.h</string>
			<key>sourceTree</key>
			<string>&lt;group&gt;</string>
		</dict>
		<key>9D3CCC541998B09200A464C0</key>
		<dict>
			<key>fileEncoding</key>
			<string>4</string>
			<key>isa</key>
			<string>PBXFileReference</string>
			<key>lastKnownFileType</key>
			<string>sourcecode.c.h</string>
			<key>path</key>
			<string>FetchAllProductFetcher.h</string>
			<key>sourceTree</key>
			<string>&lt;group&gt;</string>
		</dict>
		<key>9D3CCC551998B09200A464C0</key>
		<dict>
			<key>fileEncoding</key>
			<string>4</string>
			<key>isa</key>
			<string>PBXFileReference</string>
			<key>lastKnownFileType</key>
			<string>sourcecode.c.objc</string>
			<key>path</key>
			<string>FetchAllProductFetcher.m</string>
			<key>sourceTree</key>
			<string>&lt;group&gt;</string>
		</dict>
		<key>9D3CCC561998B09200A464C0</key>
		<dict>
			<key>fileRef</key>
			<string>9D3CCC551998B09200A464C0</string>
			<key>isa</key>
			<string>PBXBuildFile</string>
		</dict>
		<key>9D3CCC571998B24400A464C0</key>
		<dict>
			<key>fileEncoding</key>
			<string>4</string>
			<key>isa</key>
			<string>PBXFileReference</string>
			<key>lastKnownFileType</key>
			<string>sourcecode.c.h</string>
			<key>path</key>
			<string>MainViewModel.h</string>
			<key>sourceTree</key>
			<string>&lt;group&gt;</string>
		</dict>
		<key>9D3CCC581998B24400A464C0</key>
		<dict>
			<key>fileEncoding</key>
			<string>4</string>
			<key>isa</key>
			<string>PBXFileReference</string>
			<key>lastKnownFileType</key>
			<string>sourcecode.c.objc</string>
			<key>path</key>
			<string>MainViewModel.m</string>
			<key>sourceTree</key>
			<string>&lt;group&gt;</string>
		</dict>
		<key>9D3CCC591998B24400A464C0</key>
		<dict>
			<key>fileRef</key>
			<string>9D3CCC581998B24400A464C0</string>
			<key>isa</key>
			<string>PBXBuildFile</string>
		</dict>
		<key>9D3CCC5A1998BAA800A464C0</key>
		<dict>
			<key>fileEncoding</key>
			<string>4</string>
			<key>isa</key>
			<string>PBXFileReference</string>
			<key>lastKnownFileType</key>
			<string>sourcecode.c.h</string>
			<key>path</key>
			<string>FavoriteProductFetcher.h</string>
			<key>sourceTree</key>
			<string>&lt;group&gt;</string>
		</dict>
		<key>9D3CCC5B1998BAA800A464C0</key>
		<dict>
			<key>fileEncoding</key>
			<string>4</string>
			<key>isa</key>
			<string>PBXFileReference</string>
			<key>lastKnownFileType</key>
			<string>sourcecode.c.objc</string>
			<key>path</key>
			<string>FavoriteProductFetcher.m</string>
			<key>sourceTree</key>
			<string>&lt;group&gt;</string>
		</dict>
		<key>9D3CCC5C1998BAA800A464C0</key>
		<dict>
			<key>fileRef</key>
			<string>9D3CCC5B1998BAA800A464C0</string>
			<key>isa</key>
			<string>PBXBuildFile</string>
		</dict>
		<key>9D5BBAE21997FD8D000E6A51</key>
		<dict>
			<key>children</key>
			<array>
				<string>9D5BBAF41997FD8D000E6A51</string>
				<string>9D5BBB131997FD8D000E6A51</string>
				<string>9D5BBAED1997FD8D000E6A51</string>
				<string>9D5BBAEC1997FD8D000E6A51</string>
				<string>0C46880D5DD7DF689309C43A</string>
			</array>
			<key>isa</key>
			<string>PBXGroup</string>
			<key>sourceTree</key>
			<string>&lt;group&gt;</string>
		</dict>
		<key>9D5BBAE31997FD8D000E6A51</key>
		<dict>
			<key>attributes</key>
			<dict>
				<key>LastUpgradeCheck</key>
				<string>0510</string>
				<key>ORGANIZATIONNAME</key>
				<string>Wolox</string>
				<key>TargetAttributes</key>
				<dict>
					<key>9D5BBB0B1997FD8D000E6A51</key>
					<dict>
						<key>TestTargetID</key>
						<string>9D5BBAEA1997FD8D000E6A51</string>
					</dict>
				</dict>
			</dict>
			<key>buildConfigurationList</key>
			<string>9D5BBAE61997FD8D000E6A51</string>
			<key>compatibilityVersion</key>
			<string>Xcode 3.2</string>
			<key>developmentRegion</key>
			<string>English</string>
			<key>hasScannedForEncodings</key>
			<string>0</string>
			<key>isa</key>
			<string>PBXProject</string>
			<key>knownRegions</key>
			<array>
				<string>en</string>
				<string>Base</string>
			</array>
			<key>mainGroup</key>
			<string>9D5BBAE21997FD8D000E6A51</string>
			<key>productRefGroup</key>
			<string>9D5BBAEC1997FD8D000E6A51</string>
			<key>projectDirPath</key>
			<string></string>
			<key>projectReferences</key>
			<array/>
			<key>projectRoot</key>
			<string></string>
			<key>targets</key>
			<array>
				<string>9D5BBAEA1997FD8D000E6A51</string>
				<string>9D5BBB0B1997FD8D000E6A51</string>
			</array>
		</dict>
		<key>9D5BBAE61997FD8D000E6A51</key>
		<dict>
			<key>buildConfigurations</key>
			<array>
				<string>9D5BBB1B1997FD8D000E6A51</string>
				<string>9D5BBB1C1997FD8D000E6A51</string>
			</array>
			<key>defaultConfigurationIsVisible</key>
			<string>0</string>
			<key>defaultConfigurationName</key>
			<string>Release</string>
			<key>isa</key>
			<string>XCConfigurationList</string>
		</dict>
		<key>9D5BBAE71997FD8D000E6A51</key>
		<dict>
			<key>buildActionMask</key>
			<string>2147483647</string>
			<key>files</key>
			<array>
				<string>9D6C35A1199846F100EE0781</string>
				<string>9D5BBB401998167B000E6A51</string>
				<string>9D6C35991998425E00EE0781</string>
				<string>9D3CCC561998B09200A464C0</string>
				<string>9D3CCC5C1998BAA800A464C0</string>
				<string>9D6C3592199831AE00EE0781</string>
				<string>9D5BBB051997FD8D000E6A51</string>
				<string>9D5BBB51199829A5000E6A51</string>
				<string>9D5BBB2A1997FF94000E6A51</string>
				<string>9D5BBB451998184A000E6A51</string>
				<string>9D3CCC591998B24400A464C0</string>
				<string>9D5BBB3C19981023000E6A51</string>
				<string>9D5BBB3919980AD8000E6A51</string>
				<string>9D5BBAFF1997FD8D000E6A51</string>
				<string>9D5BBB3519980A63000E6A51</string>
				<string>9D5BBB4919981B8A000E6A51</string>
				<string>9D5BBB251997FE83000E6A51</string>
				<string>9D6C359519983FCD00EE0781</string>
				<string>9D5BBAFB1997FD8D000E6A51</string>
			</array>
			<key>isa</key>
			<string>PBXSourcesBuildPhase</string>
			<key>runOnlyForDeploymentPostprocessing</key>
			<string>0</string>
		</dict>
		<key>9D5BBAE81997FD8D000E6A51</key>
		<dict>
			<key>buildActionMask</key>
			<string>2147483647</string>
			<key>files</key>
			<array>
				<string>9D5BBAF11997FD8D000E6A51</string>
				<string>9D5BBAF31997FD8D000E6A51</string>
				<string>9D5BBAEF1997FD8D000E6A51</string>
				<string>00D6A54AAB1A47EFB11CB139</string>
			</array>
			<key>isa</key>
			<string>PBXFrameworksBuildPhase</string>
			<key>runOnlyForDeploymentPostprocessing</key>
			<string>0</string>
		</dict>
		<key>9D5BBAE91997FD8D000E6A51</key>
		<dict>
			<key>buildActionMask</key>
			<string>2147483647</string>
			<key>files</key>
			<array>
				<string>9D5BBB071997FD8D000E6A51</string>
				<string>9D5BBAF91997FD8D000E6A51</string>
				<string>9DB38F5019986662003948CC</string>
				<string>9D5BBB021997FD8D000E6A51</string>
			</array>
			<key>isa</key>
			<string>PBXResourcesBuildPhase</string>
			<key>runOnlyForDeploymentPostprocessing</key>
			<string>0</string>
		</dict>
		<key>9D5BBAEA1997FD8D000E6A51</key>
		<dict>
			<key>buildConfigurationList</key>
			<string>9D5BBB1D1997FD8D000E6A51</string>
			<key>buildPhases</key>
			<array>
				<string>F0B40F43078D496D9FF18A6E</string>
				<string>9D5BBAE71997FD8D000E6A51</string>
				<string>9D5BBAE81997FD8D000E6A51</string>
				<string>9D5BBAE91997FD8D000E6A51</string>
				<string>F2AA11755E1A43A9836200F9</string>
			</array>
			<key>buildRules</key>
			<array/>
			<key>dependencies</key>
			<array/>
			<key>isa</key>
			<string>PBXNativeTarget</string>
			<key>name</key>
			<string>CollectionViewExample</string>
			<key>productName</key>
			<string>CollectionViewExample</string>
			<key>productReference</key>
			<string>9D5BBAEB1997FD8D000E6A51</string>
			<key>productType</key>
			<string>com.apple.product-type.application</string>
		</dict>
		<key>9D5BBAEB1997FD8D000E6A51</key>
		<dict>
			<key>explicitFileType</key>
			<string>wrapper.application</string>
			<key>includeInIndex</key>
			<string>0</string>
			<key>isa</key>
			<string>PBXFileReference</string>
			<key>path</key>
			<string>CollectionViewExample.app</string>
			<key>sourceTree</key>
			<string>BUILT_PRODUCTS_DIR</string>
		</dict>
		<key>9D5BBAEC1997FD8D000E6A51</key>
		<dict>
			<key>children</key>
			<array>
				<string>9D5BBAEB1997FD8D000E6A51</string>
				<string>9D5BBB0C1997FD8D000E6A51</string>
			</array>
			<key>isa</key>
			<string>PBXGroup</string>
			<key>name</key>
			<string>Products</string>
			<key>sourceTree</key>
			<string>&lt;group&gt;</string>
		</dict>
		<key>9D5BBAED1997FD8D000E6A51</key>
		<dict>
			<key>children</key>
			<array>
				<string>9D5BBAEE1997FD8D000E6A51</string>
				<string>9D5BBAF01997FD8D000E6A51</string>
				<string>9D5BBAF21997FD8D000E6A51</string>
				<string>9D5BBB0D1997FD8D000E6A51</string>
				<string>143085CB097948B397B0A702</string>
				<string>65CF731E267D496FAAF5A3E5</string>
			</array>
			<key>isa</key>
			<string>PBXGroup</string>
			<key>name</key>
			<string>Frameworks</string>
			<key>sourceTree</key>
			<string>&lt;group&gt;</string>
		</dict>
		<key>9D5BBAEE1997FD8D000E6A51</key>
		<dict>
			<key>isa</key>
			<string>PBXFileReference</string>
			<key>lastKnownFileType</key>
			<string>wrapper.framework</string>
			<key>name</key>
			<string>Foundation.framework</string>
			<key>path</key>
			<string>System/Library/Frameworks/Foundation.framework</string>
			<key>sourceTree</key>
			<string>SDKROOT</string>
		</dict>
		<key>9D5BBAEF1997FD8D000E6A51</key>
		<dict>
			<key>fileRef</key>
			<string>9D5BBAEE1997FD8D000E6A51</string>
			<key>isa</key>
			<string>PBXBuildFile</string>
		</dict>
		<key>9D5BBAF01997FD8D000E6A51</key>
		<dict>
			<key>isa</key>
			<string>PBXFileReference</string>
			<key>lastKnownFileType</key>
			<string>wrapper.framework</string>
			<key>name</key>
			<string>CoreGraphics.framework</string>
			<key>path</key>
			<string>System/Library/Frameworks/CoreGraphics.framework</string>
			<key>sourceTree</key>
			<string>SDKROOT</string>
		</dict>
		<key>9D5BBAF11997FD8D000E6A51</key>
		<dict>
			<key>fileRef</key>
			<string>9D5BBAF01997FD8D000E6A51</string>
			<key>isa</key>
			<string>PBXBuildFile</string>
		</dict>
		<key>9D5BBAF21997FD8D000E6A51</key>
		<dict>
			<key>isa</key>
			<string>PBXFileReference</string>
			<key>lastKnownFileType</key>
			<string>wrapper.framework</string>
			<key>name</key>
			<string>UIKit.framework</string>
			<key>path</key>
			<string>System/Library/Frameworks/UIKit.framework</string>
			<key>sourceTree</key>
			<string>SDKROOT</string>
		</dict>
		<key>9D5BBAF31997FD8D000E6A51</key>
		<dict>
			<key>fileRef</key>
			<string>9D5BBAF21997FD8D000E6A51</string>
			<key>isa</key>
			<string>PBXBuildFile</string>
		</dict>
		<key>9D5BBAF41997FD8D000E6A51</key>
		<dict>
			<key>children</key>
			<array>
				<string>9D6C35961998422C00EE0781</string>
				<string>9D5BBB4A19982741000E6A51</string>
				<string>9D5BBB4619981B6A000E6A51</string>
				<string>9D5BBB411998181C000E6A51</string>
				<string>9D5BBB3D19981667000E6A51</string>
				<string>9D5BBB3619980AB9000E6A51</string>
				<string>9D5BBB2B19980153000E6A51</string>
				<string>9D5BBB271997FF78000E6A51</string>
				<string>9D5BBB261997FF71000E6A51</string>
				<string>9D5BBAFD1997FD8D000E6A51</string>
				<string>9D5BBAFE1997FD8D000E6A51</string>
				<string>9D5BBB001997FD8D000E6A51</string>
				<string>9D5BBB061997FD8D000E6A51</string>
				<string>9D5BBAF51997FD8D000E6A51</string>
				<string>9D6C3590199831AE00EE0781</string>
				<string>9D6C3591199831AE00EE0781</string>
			</array>
			<key>isa</key>
			<string>PBXGroup</string>
			<key>path</key>
			<string>CollectionViewExample</string>
			<key>sourceTree</key>
			<string>&lt;group&gt;</string>
		</dict>
		<key>9D5BBAF51997FD8D000E6A51</key>
		<dict>
			<key>children</key>
			<array>
				<string>9D5BBAF61997FD8D000E6A51</string>
				<string>9D5BBAF71997FD8D000E6A51</string>
				<string>9D5BBAFA1997FD8D000E6A51</string>
				<string>9D5BBAFC1997FD8D000E6A51</string>
			</array>
			<key>isa</key>
			<string>PBXGroup</string>
			<key>path</key>
			<string>Supporting Files</string>
			<key>sourceTree</key>
			<string>&lt;group&gt;</string>
		</dict>
		<key>9D5BBAF61997FD8D000E6A51</key>
		<dict>
			<key>isa</key>
			<string>PBXFileReference</string>
			<key>lastKnownFileType</key>
			<string>text.plist.xml</string>
			<key>path</key>
			<string>CollectionViewExample-Info.plist</string>
			<key>sourceTree</key>
			<string>&lt;group&gt;</string>
		</dict>
		<key>9D5BBAF71997FD8D000E6A51</key>
		<dict>
			<key>children</key>
			<array>
				<string>9D5BBAF81997FD8D000E6A51</string>
			</array>
			<key>isa</key>
			<string>PBXVariantGroup</string>
			<key>name</key>
			<string>InfoPlist.strings</string>
			<key>sourceTree</key>
			<string>&lt;group&gt;</string>
		</dict>
		<key>9D5BBAF81997FD8D000E6A51</key>
		<dict>
			<key>isa</key>
			<string>PBXFileReference</string>
			<key>lastKnownFileType</key>
			<string>text.plist.strings</string>
			<key>name</key>
			<string>en</string>
			<key>path</key>
			<string>en.lproj/InfoPlist.strings</string>
			<key>sourceTree</key>
			<string>&lt;group&gt;</string>
		</dict>
		<key>9D5BBAF91997FD8D000E6A51</key>
		<dict>
			<key>fileRef</key>
			<string>9D5BBAF71997FD8D000E6A51</string>
			<key>isa</key>
			<string>PBXBuildFile</string>
		</dict>
		<key>9D5BBAFA1997FD8D000E6A51</key>
		<dict>
			<key>isa</key>
			<string>PBXFileReference</string>
			<key>lastKnownFileType</key>
			<string>sourcecode.c.objc</string>
			<key>path</key>
			<string>main.m</string>
			<key>sourceTree</key>
			<string>&lt;group&gt;</string>
		</dict>
		<key>9D5BBAFB1997FD8D000E6A51</key>
		<dict>
			<key>fileRef</key>
			<string>9D5BBAFA1997FD8D000E6A51</string>
			<key>isa</key>
			<string>PBXBuildFile</string>
		</dict>
		<key>9D5BBAFC1997FD8D000E6A51</key>
		<dict>
			<key>isa</key>
			<string>PBXFileReference</string>
			<key>lastKnownFileType</key>
			<string>sourcecode.c.h</string>
			<key>path</key>
			<string>CollectionViewExample-Prefix.pch</string>
			<key>sourceTree</key>
			<string>&lt;group&gt;</string>
		</dict>
		<key>9D5BBAFD1997FD8D000E6A51</key>
		<dict>
			<key>isa</key>
			<string>PBXFileReference</string>
			<key>lastKnownFileType</key>
			<string>sourcecode.c.h</string>
			<key>path</key>
			<string>AppDelegate.h</string>
			<key>sourceTree</key>
			<string>&lt;group&gt;</string>
		</dict>
		<key>9D5BBAFE1997FD8D000E6A51</key>
		<dict>
			<key>isa</key>
			<string>PBXFileReference</string>
			<key>lastKnownFileType</key>
			<string>sourcecode.c.objc</string>
			<key>path</key>
			<string>AppDelegate.m</string>
			<key>sourceTree</key>
			<string>&lt;group&gt;</string>
		</dict>
		<key>9D5BBAFF1997FD8D000E6A51</key>
		<dict>
			<key>fileRef</key>
			<string>9D5BBAFE1997FD8D000E6A51</string>
			<key>isa</key>
			<string>PBXBuildFile</string>
		</dict>
		<key>9D5BBB001997FD8D000E6A51</key>
		<dict>
			<key>children</key>
			<array>
				<string>9D5BBB011997FD8D000E6A51</string>
			</array>
			<key>isa</key>
			<string>PBXVariantGroup</string>
			<key>name</key>
			<string>Main.storyboard</string>
			<key>sourceTree</key>
			<string>&lt;group&gt;</string>
		</dict>
		<key>9D5BBB011997FD8D000E6A51</key>
		<dict>
			<key>isa</key>
			<string>PBXFileReference</string>
			<key>lastKnownFileType</key>
			<string>file.storyboard</string>
			<key>name</key>
			<string>Base</string>
			<key>path</key>
			<string>Base.lproj/Main.storyboard</string>
			<key>sourceTree</key>
			<string>&lt;group&gt;</string>
		</dict>
		<key>9D5BBB021997FD8D000E6A51</key>
		<dict>
			<key>fileRef</key>
			<string>9D5BBB001997FD8D000E6A51</string>
			<key>isa</key>
			<string>PBXBuildFile</string>
		</dict>
		<key>9D5BBB031997FD8D000E6A51</key>
		<dict>
			<key>isa</key>
			<string>PBXFileReference</string>
			<key>lastKnownFileType</key>
			<string>sourcecode.c.h</string>
			<key>path</key>
			<string>ViewController.h</string>
			<key>sourceTree</key>
			<string>&lt;group&gt;</string>
		</dict>
		<key>9D5BBB041997FD8D000E6A51</key>
		<dict>
			<key>isa</key>
			<string>PBXFileReference</string>
			<key>lastKnownFileType</key>
			<string>sourcecode.c.objc</string>
			<key>path</key>
			<string>ViewController.m</string>
			<key>sourceTree</key>
			<string>&lt;group&gt;</string>
		</dict>
		<key>9D5BBB051997FD8D000E6A51</key>
		<dict>
			<key>fileRef</key>
			<string>9D5BBB041997FD8D000E6A51</string>
			<key>isa</key>
			<string>PBXBuildFile</string>
		</dict>
		<key>9D5BBB061997FD8D000E6A51</key>
		<dict>
			<key>isa</key>
			<string>PBXFileReference</string>
			<key>lastKnownFileType</key>
			<string>folder.assetcatalog</string>
			<key>path</key>
			<string>Images.xcassets</string>
			<key>sourceTree</key>
			<string>&lt;group&gt;</string>
		</dict>
		<key>9D5BBB071997FD8D000E6A51</key>
		<dict>
			<key>fileRef</key>
			<string>9D5BBB061997FD8D000E6A51</string>
			<key>isa</key>
			<string>PBXBuildFile</string>
		</dict>
		<key>9D5BBB081997FD8D000E6A51</key>
		<dict>
			<key>buildActionMask</key>
			<string>2147483647</string>
			<key>files</key>
			<array>
				<string>9D32B65019A53CBD009526A9</string>
				<string>9D1CBF7A19CB0EEE00894D70</string>
			</array>
			<key>isa</key>
			<string>PBXSourcesBuildPhase</string>
			<key>runOnlyForDeploymentPostprocessing</key>
			<string>0</string>
		</dict>
		<key>9D5BBB091997FD8D000E6A51</key>
		<dict>
			<key>buildActionMask</key>
			<string>2147483647</string>
			<key>files</key>
			<array>
				<string>9D5BBB0E1997FD8D000E6A51</string>
				<string>9D5BBB101997FD8D000E6A51</string>
				<string>9D5BBB0F1997FD8D000E6A51</string>
				<string>D43AF5815FA5456AA555FB15</string>
			</array>
			<key>isa</key>
			<string>PBXFrameworksBuildPhase</string>
			<key>runOnlyForDeploymentPostprocessing</key>
			<string>0</string>
		</dict>
		<key>9D5BBB0A1997FD8D000E6A51</key>
		<dict>
			<key>buildActionMask</key>
			<string>2147483647</string>
			<key>files</key>
			<array>
				<string>9D5BBB181997FD8D000E6A51</string>
				<string>9DCC2D4219CB005100A56E17</string>
			</array>
			<key>isa</key>
			<string>PBXResourcesBuildPhase</string>
			<key>runOnlyForDeploymentPostprocessing</key>
			<string>0</string>
		</dict>
		<key>9D5BBB0B1997FD8D000E6A51</key>
		<dict>
			<key>buildConfigurationList</key>
			<string>9D5BBB201997FD8D000E6A51</string>
			<key>buildPhases</key>
			<array>
				<string>5AEF8A562B8E45618CCA6A00</string>
				<string>9D5BBB081997FD8D000E6A51</string>
				<string>9D5BBB091997FD8D000E6A51</string>
				<string>9D5BBB0A1997FD8D000E6A51</string>
				<string>89E55926E7D34813BB9CA1C5</string>
			</array>
			<key>buildRules</key>
			<array/>
			<key>dependencies</key>
			<array>
				<string>9D5BBB121997FD8D000E6A51</string>
			</array>
			<key>isa</key>
			<string>PBXNativeTarget</string>
			<key>name</key>
			<string>CollectionViewExampleTests</string>
			<key>productName</key>
			<string>CollectionViewExampleTests</string>
			<key>productReference</key>
			<string>9D5BBB0C1997FD8D000E6A51</string>
			<key>productType</key>
			<string>com.apple.product-type.bundle.unit-test</string>
		</dict>
		<key>9D5BBB0C1997FD8D000E6A51</key>
		<dict>
			<key>explicitFileType</key>
			<string>wrapper.cfbundle</string>
			<key>includeInIndex</key>
			<string>0</string>
			<key>isa</key>
			<string>PBXFileReference</string>
			<key>path</key>
			<string>CollectionViewExampleTests.xctest</string>
			<key>sourceTree</key>
			<string>BUILT_PRODUCTS_DIR</string>
		</dict>
		<key>9D5BBB0D1997FD8D000E6A51</key>
		<dict>
			<key>isa</key>
			<string>PBXFileReference</string>
			<key>lastKnownFileType</key>
			<string>wrapper.framework</string>
			<key>name</key>
			<string>XCTest.framework</string>
			<key>path</key>
			<string>Library/Frameworks/XCTest.framework</string>
			<key>sourceTree</key>
			<string>DEVELOPER_DIR</string>
		</dict>
		<key>9D5BBB0E1997FD8D000E6A51</key>
		<dict>
			<key>fileRef</key>
			<string>9D5BBB0D1997FD8D000E6A51</string>
			<key>isa</key>
			<string>PBXBuildFile</string>
		</dict>
		<key>9D5BBB0F1997FD8D000E6A51</key>
		<dict>
			<key>fileRef</key>
			<string>9D5BBAEE1997FD8D000E6A51</string>
			<key>isa</key>
			<string>PBXBuildFile</string>
		</dict>
		<key>9D5BBB101997FD8D000E6A51</key>
		<dict>
			<key>fileRef</key>
			<string>9D5BBAF21997FD8D000E6A51</string>
			<key>isa</key>
			<string>PBXBuildFile</string>
		</dict>
		<key>9D5BBB111997FD8D000E6A51</key>
		<dict>
			<key>containerPortal</key>
			<string>9D5BBAE31997FD8D000E6A51</string>
			<key>isa</key>
			<string>PBXContainerItemProxy</string>
			<key>proxyType</key>
			<string>1</string>
			<key>remoteGlobalIDString</key>
			<string>9D5BBAEA1997FD8D000E6A51</string>
			<key>remoteInfo</key>
			<string>CollectionViewExample</string>
		</dict>
		<key>9D5BBB121997FD8D000E6A51</key>
		<dict>
			<key>isa</key>
			<string>PBXTargetDependency</string>
			<key>target</key>
			<string>9D5BBAEA1997FD8D000E6A51</string>
			<key>targetProxy</key>
			<string>9D5BBB111997FD8D000E6A51</string>
		</dict>
		<key>9D5BBB131997FD8D000E6A51</key>
		<dict>
			<key>children</key>
			<array>
				<string>9DCC2D4319CB006000A56E17</string>
				<string>9DCC2D4019CA3C9A00A56E17</string>
				<string>9D32B64C19A532A6009526A9</string>
				<string>9D5BBB141997FD8D000E6A51</string>
				<string>9D1CBF7819CB0EEE00894D70</string>
				<string>9D1CBF7919CB0EEE00894D70</string>
			</array>
			<key>isa</key>
			<string>PBXGroup</string>
			<key>path</key>
			<string>CollectionViewExampleTests</string>
			<key>sourceTree</key>
			<string>&lt;group&gt;</string>
		</dict>
		<key>9D5BBB141997FD8D000E6A51</key>
		<dict>
			<key>children</key>
			<array>
				<string>9D5BBB151997FD8D000E6A51</string>
				<string>9D5BBB161997FD8D000E6A51</string>
			</array>
			<key>isa</key>
			<string>PBXGroup</string>
			<key>path</key>
			<string>Supporting Files</string>
			<key>sourceTree</key>
			<string>&lt;group&gt;</string>
		</dict>
		<key>9D5BBB151997FD8D000E6A51</key>
		<dict>
			<key>isa</key>
			<string>PBXFileReference</string>
			<key>lastKnownFileType</key>
			<string>text.plist.xml</string>
			<key>path</key>
			<string>CollectionViewExampleTests-Info.plist</string>
			<key>sourceTree</key>
			<string>&lt;group&gt;</string>
		</dict>
		<key>9D5BBB161997FD8D000E6A51</key>
		<dict>
			<key>children</key>
			<array>
				<string>9D5BBB171997FD8D000E6A51</string>
			</array>
			<key>isa</key>
			<string>PBXVariantGroup</string>
			<key>name</key>
			<string>InfoPlist.strings</string>
			<key>sourceTree</key>
			<string>&lt;group&gt;</string>
		</dict>
		<key>9D5BBB171997FD8D000E6A51</key>
		<dict>
			<key>isa</key>
			<string>PBXFileReference</string>
			<key>lastKnownFileType</key>
			<string>text.plist.strings</string>
			<key>name</key>
			<string>en</string>
			<key>path</key>
			<string>en.lproj/InfoPlist.strings</string>
			<key>sourceTree</key>
			<string>&lt;group&gt;</string>
		</dict>
		<key>9D5BBB181997FD8D000E6A51</key>
		<dict>
			<key>fileRef</key>
			<string>9D5BBB161997FD8D000E6A51</string>
			<key>isa</key>
			<string>PBXBuildFile</string>
		</dict>
		<key>9D5BBB1B1997FD8D000E6A51</key>
		<dict>
			<key>buildSettings</key>
			<dict>
				<key>ALWAYS_SEARCH_USER_PATHS</key>
				<string>NO</string>
				<key>CLANG_CXX_LANGUAGE_STANDARD</key>
				<string>gnu++0x</string>
				<key>CLANG_CXX_LIBRARY</key>
				<string>libc++</string>
				<key>CLANG_ENABLE_MODULES</key>
				<string>YES</string>
				<key>CLANG_ENABLE_OBJC_ARC</key>
				<string>YES</string>
				<key>CLANG_WARN_BOOL_CONVERSION</key>
				<string>YES</string>
				<key>CLANG_WARN_CONSTANT_CONVERSION</key>
				<string>YES</string>
				<key>CLANG_WARN_DIRECT_OBJC_ISA_USAGE</key>
				<string>YES_ERROR</string>
				<key>CLANG_WARN_EMPTY_BODY</key>
				<string>YES</string>
				<key>CLANG_WARN_ENUM_CONVERSION</key>
				<string>YES</string>
				<key>CLANG_WARN_INT_CONVERSION</key>
				<string>YES</string>
				<key>CLANG_WARN_OBJC_ROOT_CLASS</key>
				<string>YES_ERROR</string>
				<key>CLANG_WARN__DUPLICATE_METHOD_MATCH</key>
				<string>YES</string>
				<key>CODE_SIGN_IDENTITY[sdk=iphoneos*]</key>
				<string>iPhone Developer</string>
				<key>COPY_PHASE_STRIP</key>
				<string>NO</string>
				<key>GCC_C_LANGUAGE_STANDARD</key>
				<string>gnu99</string>
				<key>GCC_DYNAMIC_NO_PIC</key>
				<string>NO</string>
				<key>GCC_OPTIMIZATION_LEVEL</key>
				<string>0</string>
				<key>GCC_PREPROCESSOR_DEFINITIONS</key>
				<array>
					<string>DEBUG=1</string>
					<string>$(inherited)</string>
				</array>
				<key>GCC_SYMBOLS_PRIVATE_EXTERN</key>
				<string>NO</string>
				<key>GCC_WARN_64_TO_32_BIT_CONVERSION</key>
				<string>YES</string>
				<key>GCC_WARN_ABOUT_RETURN_TYPE</key>
				<string>YES_ERROR</string>
				<key>GCC_WARN_UNDECLARED_SELECTOR</key>
				<string>YES</string>
				<key>GCC_WARN_UNINITIALIZED_AUTOS</key>
				<string>YES_AGGRESSIVE</string>
				<key>GCC_WARN_UNUSED_FUNCTION</key>
				<string>YES</string>
				<key>GCC_WARN_UNUSED_VARIABLE</key>
				<string>YES</string>
				<key>IPHONEOS_DEPLOYMENT_TARGET</key>
				<string>7.1</string>
				<key>ONLY_ACTIVE_ARCH</key>
				<string>YES</string>
				<key>SDKROOT</key>
				<string>iphoneos</string>
			</dict>
			<key>isa</key>
			<string>XCBuildConfiguration</string>
			<key>name</key>
			<string>Debug</string>
		</dict>
		<key>9D5BBB1C1997FD8D000E6A51</key>
		<dict>
			<key>buildSettings</key>
			<dict>
				<key>ALWAYS_SEARCH_USER_PATHS</key>
				<string>NO</string>
				<key>CLANG_CXX_LANGUAGE_STANDARD</key>
				<string>gnu++0x</string>
				<key>CLANG_CXX_LIBRARY</key>
				<string>libc++</string>
				<key>CLANG_ENABLE_MODULES</key>
				<string>YES</string>
				<key>CLANG_ENABLE_OBJC_ARC</key>
				<string>YES</string>
				<key>CLANG_WARN_BOOL_CONVERSION</key>
				<string>YES</string>
				<key>CLANG_WARN_CONSTANT_CONVERSION</key>
				<string>YES</string>
				<key>CLANG_WARN_DIRECT_OBJC_ISA_USAGE</key>
				<string>YES_ERROR</string>
				<key>CLANG_WARN_EMPTY_BODY</key>
				<string>YES</string>
				<key>CLANG_WARN_ENUM_CONVERSION</key>
				<string>YES</string>
				<key>CLANG_WARN_INT_CONVERSION</key>
				<string>YES</string>
				<key>CLANG_WARN_OBJC_ROOT_CLASS</key>
				<string>YES_ERROR</string>
				<key>CLANG_WARN__DUPLICATE_METHOD_MATCH</key>
				<string>YES</string>
				<key>CODE_SIGN_IDENTITY[sdk=iphoneos*]</key>
				<string>iPhone Developer</string>
				<key>COPY_PHASE_STRIP</key>
				<string>YES</string>
				<key>ENABLE_NS_ASSERTIONS</key>
				<string>NO</string>
				<key>GCC_C_LANGUAGE_STANDARD</key>
				<string>gnu99</string>
				<key>GCC_WARN_64_TO_32_BIT_CONVERSION</key>
				<string>YES</string>
				<key>GCC_WARN_ABOUT_RETURN_TYPE</key>
				<string>YES_ERROR</string>
				<key>GCC_WARN_UNDECLARED_SELECTOR</key>
				<string>YES</string>
				<key>GCC_WARN_UNINITIALIZED_AUTOS</key>
				<string>YES_AGGRESSIVE</string>
				<key>GCC_WARN_UNUSED_FUNCTION</key>
				<string>YES</string>
				<key>GCC_WARN_UNUSED_VARIABLE</key>
				<string>YES</string>
				<key>IPHONEOS_DEPLOYMENT_TARGET</key>
				<string>7.1</string>
				<key>SDKROOT</key>
				<string>iphoneos</string>
				<key>VALIDATE_PRODUCT</key>
				<string>YES</string>
			</dict>
			<key>isa</key>
			<string>XCBuildConfiguration</string>
			<key>name</key>
			<string>Release</string>
		</dict>
		<key>9D5BBB1D1997FD8D000E6A51</key>
		<dict>
			<key>buildConfigurations</key>
			<array>
				<string>9D5BBB1E1997FD8D000E6A51</string>
				<string>9D5BBB1F1997FD8D000E6A51</string>
			</array>
			<key>defaultConfigurationIsVisible</key>
			<string>0</string>
			<key>defaultConfigurationName</key>
			<string>Release</string>
			<key>isa</key>
			<string>XCConfigurationList</string>
		</dict>
		<key>9D5BBB1E1997FD8D000E6A51</key>
		<dict>
			<key>baseConfigurationReference</key>
			<string>EA1D62EF3684507F435227F6</string>
			<key>buildSettings</key>
			<dict>
				<key>ASSETCATALOG_COMPILER_APPICON_NAME</key>
				<string>AppIcon</string>
				<key>ASSETCATALOG_COMPILER_LAUNCHIMAGE_NAME</key>
				<string>LaunchImage</string>
				<key>GCC_PRECOMPILE_PREFIX_HEADER</key>
				<string>YES</string>
				<key>GCC_PREFIX_HEADER</key>
				<string>CollectionViewExample/Supporting Files/CollectionViewExample-Prefix.pch</string>
				<key>INFOPLIST_FILE</key>
				<string>CollectionViewExample/Supporting Files/CollectionViewExample-Info.plist</string>
				<key>PRODUCT_NAME</key>
				<string>$(TARGET_NAME)</string>
				<key>WRAPPER_EXTENSION</key>
				<string>app</string>
			</dict>
			<key>isa</key>
			<string>XCBuildConfiguration</string>
			<key>name</key>
			<string>Debug</string>
		</dict>
		<key>9D5BBB1F1997FD8D000E6A51</key>
		<dict>
			<key>baseConfigurationReference</key>
			<string>8D915D7192956F1BE079D1AF</string>
			<key>buildSettings</key>
			<dict>
				<key>ASSETCATALOG_COMPILER_APPICON_NAME</key>
				<string>AppIcon</string>
				<key>ASSETCATALOG_COMPILER_LAUNCHIMAGE_NAME</key>
				<string>LaunchImage</string>
				<key>GCC_PRECOMPILE_PREFIX_HEADER</key>
				<string>YES</string>
				<key>GCC_PREFIX_HEADER</key>
				<string>CollectionViewExample/Supporting Files/CollectionViewExample-Prefix.pch</string>
				<key>INFOPLIST_FILE</key>
				<string>CollectionViewExample/Supporting Files/CollectionViewExample-Info.plist</string>
				<key>PRODUCT_NAME</key>
				<string>$(TARGET_NAME)</string>
				<key>WRAPPER_EXTENSION</key>
				<string>app</string>
			</dict>
			<key>isa</key>
			<string>XCBuildConfiguration</string>
			<key>name</key>
			<string>Release</string>
		</dict>
		<key>9D5BBB201997FD8D000E6A51</key>
		<dict>
			<key>buildConfigurations</key>
			<array>
				<string>9D5BBB211997FD8D000E6A51</string>
				<string>9D5BBB221997FD8D000E6A51</string>
			</array>
			<key>defaultConfigurationIsVisible</key>
			<string>0</string>
			<key>defaultConfigurationName</key>
			<string>Release</string>
			<key>isa</key>
			<string>XCConfigurationList</string>
		</dict>
		<key>9D5BBB211997FD8D000E6A51</key>
		<dict>
			<key>baseConfigurationReference</key>
			<string>331F3D3625926F5A0B23882F</string>
			<key>buildSettings</key>
			<dict>
				<key>BUNDLE_LOADER</key>
				<string>$(BUILT_PRODUCTS_DIR)/CollectionViewExample.app/CollectionViewExample</string>
				<key>FRAMEWORK_SEARCH_PATHS</key>
				<array>
					<string>$(SDKROOT)/Developer/Library/Frameworks</string>
					<string>$(inherited)</string>
					<string>$(DEVELOPER_FRAMEWORKS_DIR)</string>
				</array>
				<key>GCC_PRECOMPILE_PREFIX_HEADER</key>
				<string>YES</string>
				<key>GCC_PREFIX_HEADER</key>
				<string>CollectionViewExample/Supporting Files/CollectionViewExample-Prefix.pch</string>
				<key>GCC_PREPROCESSOR_DEFINITIONS</key>
				<array>
					<string>DEBUG=1</string>
					<string>$(inherited)</string>
				</array>
				<key>INFOPLIST_FILE</key>
				<string>CollectionViewExampleTests/Supporting Files/CollectionViewExampleTests-Info.plist</string>
				<key>PRODUCT_NAME</key>
				<string>$(TARGET_NAME)</string>
				<key>TEST_HOST</key>
				<string>$(BUNDLE_LOADER)</string>
				<key>WRAPPER_EXTENSION</key>
				<string>xctest</string>
			</dict>
			<key>isa</key>
			<string>XCBuildConfiguration</string>
			<key>name</key>
			<string>Debug</string>
		</dict>
		<key>9D5BBB221997FD8D000E6A51</key>
		<dict>
			<key>baseConfigurationReference</key>
			<string>B8404EBC917596B51E62BE73</string>
			<key>buildSettings</key>
			<dict>
				<key>BUNDLE_LOADER</key>
				<string>$(BUILT_PRODUCTS_DIR)/CollectionViewExample.app/CollectionViewExample</string>
				<key>FRAMEWORK_SEARCH_PATHS</key>
				<array>
					<string>$(SDKROOT)/Developer/Library/Frameworks</string>
					<string>$(inherited)</string>
					<string>$(DEVELOPER_FRAMEWORKS_DIR)</string>
				</array>
				<key>GCC_PRECOMPILE_PREFIX_HEADER</key>
				<string>YES</string>
				<key>GCC_PREFIX_HEADER</key>
				<string>CollectionViewExample/Supporting Files/CollectionViewExample-Prefix.pch</string>
				<key>INFOPLIST_FILE</key>
				<string>CollectionViewExampleTests/Supporting Files/CollectionViewExampleTests-Info.plist</string>
				<key>PRODUCT_NAME</key>
				<string>$(TARGET_NAME)</string>
				<key>TEST_HOST</key>
				<string>$(BUNDLE_LOADER)</string>
				<key>WRAPPER_EXTENSION</key>
				<string>xctest</string>
			</dict>
			<key>isa</key>
			<string>XCBuildConfiguration</string>
			<key>name</key>
			<string>Release</string>
		</dict>
		<key>9D5BBB231997FE83000E6A51</key>
		<dict>
			<key>fileEncoding</key>
			<string>4</string>
			<key>isa</key>
			<string>PBXFileReference</string>
			<key>lastKnownFileType</key>
			<string>sourcecode.c.h</string>
			<key>path</key>
			<string>ProductViewController.h</string>
			<key>sourceTree</key>
			<string>&lt;group&gt;</string>
		</dict>
		<key>9D5BBB241997FE83000E6A51</key>
		<dict>
			<key>fileEncoding</key>
			<string>4</string>
			<key>isa</key>
			<string>PBXFileReference</string>
			<key>lastKnownFileType</key>
			<string>sourcecode.c.objc</string>
			<key>path</key>
			<string>ProductViewController.m</string>
			<key>sourceTree</key>
			<string>&lt;group&gt;</string>
		</dict>
		<key>9D5BBB251997FE83000E6A51</key>
		<dict>
			<key>fileRef</key>
			<string>9D5BBB241997FE83000E6A51</string>
			<key>isa</key>
			<string>PBXBuildFile</string>
		</dict>
		<key>9D5BBB261997FF71000E6A51</key>
		<dict>
			<key>children</key>
			<array>
				<string>9D5BBB031997FD8D000E6A51</string>
				<string>9D5BBB041997FD8D000E6A51</string>
				<string>9D5BBB231997FE83000E6A51</string>
				<string>9D5BBB241997FE83000E6A51</string>
				<string>9D6C359319983FCD00EE0781</string>
				<string>9D6C359419983FCD00EE0781</string>
				<string>9DB38F53199889FC003948CC</string>
			</array>
			<key>isa</key>
			<string>PBXGroup</string>
			<key>path</key>
			<string>Controllers</string>
			<key>sourceTree</key>
			<string>&lt;group&gt;</string>
		</dict>
		<key>9D5BBB271997FF78000E6A51</key>
		<dict>
			<key>children</key>
			<array>
				<string>9D5BBB281997FF94000E6A51</string>
				<string>9D5BBB291997FF94000E6A51</string>
			</array>
			<key>isa</key>
			<string>PBXGroup</string>
			<key>path</key>
			<string>Models</string>
			<key>sourceTree</key>
			<string>&lt;group&gt;</string>
		</dict>
		<key>9D5BBB281997FF94000E6A51</key>
		<dict>
			<key>fileEncoding</key>
			<string>4</string>
			<key>isa</key>
			<string>PBXFileReference</string>
			<key>lastKnownFileType</key>
			<string>sourcecode.c.h</string>
			<key>path</key>
			<string>Product.h</string>
			<key>sourceTree</key>
			<string>&lt;group&gt;</string>
		</dict>
		<key>9D5BBB291997FF94000E6A51</key>
		<dict>
			<key>fileEncoding</key>
			<string>4</string>
			<key>isa</key>
			<string>PBXFileReference</string>
			<key>lastKnownFileType</key>
			<string>sourcecode.c.objc</string>
			<key>path</key>
			<string>Product.m</string>
			<key>sourceTree</key>
			<string>&lt;group&gt;</string>
		</dict>
		<key>9D5BBB2A1997FF94000E6A51</key>
		<dict>
			<key>fileRef</key>
			<string>9D5BBB291997FF94000E6A51</string>
			<key>isa</key>
			<string>PBXBuildFile</string>
		</dict>
		<key>9D5BBB2B19980153000E6A51</key>
		<dict>
			<key>children</key>
			<array>
				<string>9D5BBB3319980A63000E6A51</string>
				<string>9D5BBB3419980A63000E6A51</string>
				<string>9D5BBB3A19981023000E6A51</string>
				<string>9D5BBB3B19981023000E6A51</string>
				<string>9D6C359F199846F100EE0781</string>
				<string>9D6C35A0199846F100EE0781</string>
				<string>9D3CCC571998B24400A464C0</string>
				<string>9D3CCC581998B24400A464C0</string>
			</array>
			<key>isa</key>
			<string>PBXGroup</string>
			<key>path</key>
			<string>ViewModels</string>
			<key>sourceTree</key>
			<string>&lt;group&gt;</string>
		</dict>
		<key>9D5BBB3319980A63000E6A51</key>
		<dict>
			<key>fileEncoding</key>
			<string>4</string>
			<key>isa</key>
			<string>PBXFileReference</string>
			<key>lastKnownFileType</key>
			<string>sourcecode.c.h</string>
			<key>path</key>
			<string>Delegator.h</string>
			<key>sourceTree</key>
			<string>&lt;group&gt;</string>
		</dict>
		<key>9D5BBB3419980A63000E6A51</key>
		<dict>
			<key>fileEncoding</key>
			<string>4</string>
			<key>isa</key>
			<string>PBXFileReference</string>
			<key>lastKnownFileType</key>
			<string>sourcecode.c.objc</string>
			<key>path</key>
			<string>Delegator.m</string>
			<key>sourceTree</key>
			<string>&lt;group&gt;</string>
		</dict>
		<key>9D5BBB3519980A63000E6A51</key>
		<dict>
			<key>fileRef</key>
			<string>9D5BBB3419980A63000E6A51</string>
			<key>isa</key>
			<string>PBXBuildFile</string>
		</dict>
		<key>9D5BBB3619980AB9000E6A51</key>
		<dict>
			<key>children</key>
			<array>
				<string>9D5BBB3719980AD8000E6A51</string>
				<string>9D5BBB3819980AD8000E6A51</string>
				<string>9D3CCC531998B06200A464C0</string>
				<string>9D3CCC541998B09200A464C0</string>
				<string>9D3CCC551998B09200A464C0</string>
				<string>9D3CCC5A1998BAA800A464C0</string>
				<string>9D3CCC5B1998BAA800A464C0</string>
			</array>
			<key>isa</key>
			<string>PBXGroup</string>
			<key>path</key>
			<string>Services</string>
			<key>sourceTree</key>
			<string>&lt;group&gt;</string>
		</dict>
		<key>9D5BBB3719980AD8000E6A51</key>
		<dict>
			<key>fileEncoding</key>
			<string>4</string>
			<key>isa</key>
			<string>PBXFileReference</string>
			<key>lastKnownFileType</key>
			<string>sourcecode.c.h</string>
			<key>path</key>
			<string>ImageFetcher.h</string>
			<key>sourceTree</key>
			<string>&lt;group&gt;</string>
		</dict>
		<key>9D5BBB3819980AD8000E6A51</key>
		<dict>
			<key>fileEncoding</key>
			<string>4</string>
			<key>isa</key>
			<string>PBXFileReference</string>
			<key>lastKnownFileType</key>
			<string>sourcecode.c.objc</string>
			<key>path</key>
			<string>ImageFetcher.m</string>
			<key>sourceTree</key>
			<string>&lt;group&gt;</string>
		</dict>
		<key>9D5BBB3919980AD8000E6A51</key>
		<dict>
			<key>fileRef</key>
			<string>9D5BBB3819980AD8000E6A51</string>
			<key>isa</key>
			<string>PBXBuildFile</string>
		</dict>
		<key>9D5BBB3A19981023000E6A51</key>
		<dict>
			<key>fileEncoding</key>
			<string>4</string>
			<key>isa</key>
			<string>PBXFileReference</string>
			<key>lastKnownFileType</key>
			<string>sourcecode.c.h</string>
			<key>path</key>
			<string>ProductViewModel.h</string>
			<key>sourceTree</key>
			<string>&lt;group&gt;</string>
		</dict>
		<key>9D5BBB3B19981023000E6A51</key>
		<dict>
			<key>fileEncoding</key>
			<string>4</string>
			<key>isa</key>
			<string>PBXFileReference</string>
			<key>lastKnownFileType</key>
			<string>sourcecode.c.objc</string>
			<key>path</key>
			<string>ProductViewModel.m</string>
			<key>sourceTree</key>
			<string>&lt;group&gt;</string>
		</dict>
		<key>9D5BBB3C19981023000E6A51</key>
		<dict>
			<key>fileRef</key>
			<string>9D5BBB3B19981023000E6A51</string>
			<key>isa</key>
			<string>PBXBuildFile</string>
		</dict>
		<key>9D5BBB3D19981667000E6A51</key>
		<dict>
			<key>children</key>
			<array>
				<string>9D5BBB3E1998167B000E6A51</string>
				<string>9D5BBB3F1998167B000E6A51</string>
			</array>
			<key>isa</key>
			<string>PBXGroup</string>
			<key>path</key>
			<string>Factories</string>
			<key>sourceTree</key>
			<string>&lt;group&gt;</string>
		</dict>
		<key>9D5BBB3E1998167B000E6A51</key>
		<dict>
			<key>fileEncoding</key>
			<string>4</string>
			<key>isa</key>
			<string>PBXFileReference</string>
			<key>lastKnownFileType</key>
			<string>sourcecode.c.h</string>
			<key>path</key>
			<string>ProductFactory.h</string>
			<key>sourceTree</key>
			<string>&lt;group&gt;</string>
		</dict>
		<key>9D5BBB3F1998167B000E6A51</key>
		<dict>
			<key>fileEncoding</key>
			<string>4</string>
			<key>isa</key>
			<string>PBXFileReference</string>
			<key>lastKnownFileType</key>
			<string>sourcecode.c.objc</string>
			<key>path</key>
			<string>ProductFactory.m</string>
			<key>sourceTree</key>
			<string>&lt;group&gt;</string>
		</dict>
		<key>9D5BBB401998167B000E6A51</key>
		<dict>
			<key>fileRef</key>
			<string>9D5BBB3F1998167B000E6A51</string>
			<key>isa</key>
			<string>PBXBuildFile</string>
		</dict>
		<key>9D5BBB411998181C000E6A51</key>
		<dict>
			<key>children</key>
			<array>
				<string>9D5BBB431998184A000E6A51</string>
				<string>9D5BBB441998184A000E6A51</string>
			</array>
			<key>isa</key>
			<string>PBXGroup</string>
			<key>path</key>
			<string>Categories</string>
			<key>sourceTree</key>
			<string>&lt;group&gt;</string>
		</dict>
		<key>9D5BBB431998184A000E6A51</key>
		<dict>
			<key>fileEncoding</key>
			<string>4</string>
			<key>isa</key>
			<string>PBXFileReference</string>
			<key>lastKnownFileType</key>
			<string>sourcecode.c.h</string>
			<key>path</key>
			<string>NSArray+Random.h</string>
			<key>sourceTree</key>
			<string>&lt;group&gt;</string>
		</dict>
		<key>9D5BBB441998184A000E6A51</key>
		<dict>
			<key>fileEncoding</key>
			<string>4</string>
			<key>isa</key>
			<string>PBXFileReference</string>
			<key>lastKnownFileType</key>
			<string>sourcecode.c.objc</string>
			<key>path</key>
			<string>NSArray+Random.m</string>
			<key>sourceTree</key>
			<string>&lt;group&gt;</string>
		</dict>
		<key>9D5BBB451998184A000E6A51</key>
		<dict>
			<key>fileRef</key>
			<string>9D5BBB441998184A000E6A51</string>
			<key>isa</key>
			<string>PBXBuildFile</string>
		</dict>
		<key>9D5BBB4619981B6A000E6A51</key>
		<dict>
			<key>children</key>
			<array>
				<string>9D5BBB4719981B8A000E6A51</string>
				<string>9D5BBB4819981B8A000E6A51</string>
			</array>
			<key>isa</key>
			<string>PBXGroup</string>
			<key>path</key>
			<string>Components</string>
			<key>sourceTree</key>
			<string>&lt;group&gt;</string>
		</dict>
		<key>9D5BBB4719981B8A000E6A51</key>
		<dict>
			<key>fileEncoding</key>
			<string>4</string>
			<key>isa</key>
			<string>PBXFileReference</string>
			<key>lastKnownFileType</key>
			<string>sourcecode.c.h</string>
			<key>path</key>
			<string>FavoriteButton.h</string>
			<key>sourceTree</key>
			<string>&lt;group&gt;</string>
		</dict>
		<key>9D5BBB4819981B8A000E6A51</key>
		<dict>
			<key>fileEncoding</key>
			<string>4</string>
			<key>isa</key>
			<string>PBXFileReference</string>
			<key>lastKnownFileType</key>
			<string>sourcecode.c.objc</string>
			<key>path</key>
			<string>FavoriteButton.m</string>
			<key>sourceTree</key>
			<string>&lt;group&gt;</string>
		</dict>
		<key>9D5BBB4919981B8A000E6A51</key>
		<dict>
			<key>fileRef</key>
			<string>9D5BBB4819981B8A000E6A51</string>
			<key>isa</key>
			<string>PBXBuildFile</string>
		</dict>
		<key>9D5BBB4A19982741000E6A51</key>
		<dict>
			<key>children</key>
			<array>
				<string>9D5BBB4E199828EA000E6A51</string>
				<string>9D5BBB4F199829A5000E6A51</string>
				<string>9D5BBB50199829A5000E6A51</string>
			</array>
			<key>isa</key>
			<string>PBXGroup</string>
			<key>path</key>
			<string>Repositories</string>
			<key>sourceTree</key>
			<string>&lt;group&gt;</string>
		</dict>
		<key>9D5BBB4E199828EA000E6A51</key>
		<dict>
			<key>isa</key>
			<string>PBXFileReference</string>
			<key>lastKnownFileType</key>
			<string>sourcecode.c.h</string>
			<key>path</key>
			<string>ProductRepository.h</string>
			<key>sourceTree</key>
			<string>&lt;group&gt;</string>
		</dict>
		<key>9D5BBB4F199829A5000E6A51</key>
		<dict>
			<key>fileEncoding</key>
			<string>4</string>
			<key>isa</key>
			<string>PBXFileReference</string>
			<key>lastKnownFileType</key>
			<string>sourcecode.c.h</string>
			<key>path</key>
			<string>InMemoryProductRepository.h</string>
			<key>sourceTree</key>
			<string>&lt;group&gt;</string>
		</dict>
		<key>9D5BBB50199829A5000E6A51</key>
		<dict>
			<key>fileEncoding</key>
			<string>4</string>
			<key>isa</key>
			<string>PBXFileReference</string>
			<key>lastKnownFileType</key>
			<string>sourcecode.c.objc</string>
			<key>path</key>
			<string>InMemoryProductRepository.m</string>
			<key>sourceTree</key>
			<string>&lt;group&gt;</string>
		</dict>
		<key>9D5BBB51199829A5000E6A51</key>
		<dict>
			<key>fileRef</key>
			<string>9D5BBB50199829A5000E6A51</string>
			<key>isa</key>
			<string>PBXBuildFile</string>
		</dict>
		<key>9D6C3590199831AE00EE0781</key>
		<dict>
			<key>fileEncoding</key>
			<string>4</string>
			<key>isa</key>
			<string>PBXFileReference</string>
			<key>lastKnownFileType</key>
			<string>sourcecode.c.h</string>
			<key>path</key>
			<string>Application.h</string>
			<key>sourceTree</key>
			<string>&lt;group&gt;</string>
		</dict>
		<key>9D6C3591199831AE00EE0781</key>
		<dict>
			<key>fileEncoding</key>
			<string>4</string>
			<key>isa</key>
			<string>PBXFileReference</string>
			<key>lastKnownFileType</key>
			<string>sourcecode.c.objc</string>
			<key>path</key>
			<string>Application.m</string>
			<key>sourceTree</key>
			<string>&lt;group&gt;</string>
		</dict>
		<key>9D6C3592199831AE00EE0781</key>
		<dict>
			<key>fileRef</key>
			<string>9D6C3591199831AE00EE0781</string>
			<key>isa</key>
			<string>PBXBuildFile</string>
		</dict>
		<key>9D6C359319983FCD00EE0781</key>
		<dict>
			<key>fileEncoding</key>
			<string>4</string>
			<key>isa</key>
			<string>PBXFileReference</string>
			<key>lastKnownFileType</key>
			<string>sourcecode.c.h</string>
			<key>path</key>
			<string>ProductCollectionViewController.h</string>
			<key>sourceTree</key>
			<string>&lt;group&gt;</string>
		</dict>
		<key>9D6C359419983FCD00EE0781</key>
		<dict>
			<key>fileEncoding</key>
			<string>4</string>
			<key>isa</key>
			<string>PBXFileReference</string>
			<key>lastKnownFileType</key>
			<string>sourcecode.c.objc</string>
			<key>path</key>
			<string>ProductCollectionViewController.m</string>
			<key>sourceTree</key>
			<string>&lt;group&gt;</string>
		</dict>
		<key>9D6C359519983FCD00EE0781</key>
		<dict>
			<key>fileRef</key>
			<string>9D6C359419983FCD00EE0781</string>
			<key>isa</key>
			<string>PBXBuildFile</string>
		</dict>
		<key>9D6C35961998422C00EE0781</key>
		<dict>
			<key>children</key>
			<array>
				<string>9DB38F4E19986642003948CC</string>
			</array>
			<key>isa</key>
			<string>PBXGroup</string>
			<key>path</key>
			<string>Views</string>
			<key>sourceTree</key>
			<string>&lt;group&gt;</string>
		</dict>
		<key>9D6C35971998425E00EE0781</key>
		<dict>
			<key>fileEncoding</key>
			<string>4</string>
			<key>isa</key>
			<string>PBXFileReference</string>
			<key>lastKnownFileType</key>
			<string>sourcecode.c.h</string>
			<key>path</key>
			<string>ProductCollectionViewCell.h</string>
			<key>sourceTree</key>
			<string>&lt;group&gt;</string>
		</dict>
		<key>9D6C35981998425E00EE0781</key>
		<dict>
			<key>fileEncoding</key>
			<string>4</string>
			<key>isa</key>
			<string>PBXFileReference</string>
			<key>lastKnownFileType</key>
			<string>sourcecode.c.objc</string>
			<key>path</key>
			<string>ProductCollectionViewCell.m</string>
			<key>sourceTree</key>
			<string>&lt;group&gt;</string>
		</dict>
		<key>9D6C35991998425E00EE0781</key>
		<dict>
			<key>fileRef</key>
			<string>9D6C35981998425E00EE0781</string>
			<key>isa</key>
			<string>PBXBuildFile</string>
		</dict>
		<key>9D6C359F199846F100EE0781</key>
		<dict>
			<key>fileEncoding</key>
			<string>4</string>
			<key>isa</key>
			<string>PBXFileReference</string>
			<key>lastKnownFileType</key>
			<string>sourcecode.c.h</string>
			<key>path</key>
			<string>ProductCollectionViewModel.h</string>
			<key>sourceTree</key>
			<string>&lt;group&gt;</string>
		</dict>
		<key>9D6C35A0199846F100EE0781</key>
		<dict>
			<key>fileEncoding</key>
			<string>4</string>
			<key>isa</key>
			<string>PBXFileReference</string>
			<key>lastKnownFileType</key>
			<string>sourcecode.c.objc</string>
			<key>path</key>
			<string>ProductCollectionViewModel.m</string>
			<key>sourceTree</key>
			<string>&lt;group&gt;</string>
		</dict>
		<key>9D6C35A1199846F100EE0781</key>
		<dict>
			<key>fileRef</key>
			<string>9D6C35A0199846F100EE0781</string>
			<key>isa</key>
			<string>PBXBuildFile</string>
		</dict>
		<key>9DB38F4E19986642003948CC</key>
		<dict>
			<key>children</key>
			<array>
				<string>9DB38F5119986892003948CC</string>
			</array>
			<key>isa</key>
			<string>PBXGroup</string>
			<key>path</key>
			<string>Cells</string>
			<key>sourceTree</key>
			<string>&lt;group&gt;</string>
		</dict>
		<key>9DB38F4F19986662003948CC</key>
		<dict>
			<key>fileEncoding</key>
			<string>4</string>
			<key>isa</key>
			<string>PBXFileReference</string>
			<key>lastKnownFileType</key>
			<string>file.xib</string>
			<key>path</key>
			<string>ProductCollectionViewCell.xib</string>
			<key>sourceTree</key>
			<string>&lt;group&gt;</string>
		</dict>
		<key>9DB38F5019986662003948CC</key>
		<dict>
			<key>fileRef</key>
			<string>9DB38F4F19986662003948CC</string>
			<key>isa</key>
			<string>PBXBuildFile</string>
		</dict>
		<key>9DB38F5119986892003948CC</key>
		<dict>
			<key>children</key>
			<array>
				<string>9D6C35971998425E00EE0781</string>
				<string>9D6C35981998425E00EE0781</string>
				<string>9DB38F4F19986662003948CC</string>
				<string>9DB38F521998698B003948CC</string>
			</array>
			<key>isa</key>
			<string>PBXGroup</string>
			<key>path</key>
			<string>ProductCollectionViewCell</string>
			<key>sourceTree</key>
			<string>&lt;group&gt;</string>
		</dict>
		<key>9DB38F521998698B003948CC</key>
		<dict>
			<key>isa</key>
			<string>PBXFileReference</string>
			<key>lastKnownFileType</key>
			<string>sourcecode.c.h</string>
			<key>path</key>
			<string>ProductCollectionViewCellDelegate.h</string>
			<key>sourceTree</key>
			<string>&lt;group&gt;</string>
		</dict>
		<key>9DB38F53199889FC003948CC</key>
		<dict>
			<key>isa</key>
			<string>PBXFileReference</string>
			<key>lastKnownFileType</key>
			<string>sourcecode.c.h</string>
			<key>path</key>
			<string>ProductCollectionViewControllerDelegate.h</string>
			<key>sourceTree</key>
			<string>&lt;group&gt;</string>
		</dict>
		<key>9DCC2D4019CA3C9A00A56E17</key>
		<dict>
			<key>isa</key>
			<string>PBXFileReference</string>
			<key>lastKnownFileType</key>
			<string>sourcecode.c.h</string>
			<key>path</key>
			<string>SpecHelper.h</string>
			<key>sourceTree</key>
			<string>&lt;group&gt;</string>
		</dict>
		<key>9DCC2D4119CB005100A56E17</key>
		<dict>
			<key>isa</key>
			<string>PBXFileReference</string>
			<key>lastKnownFileType</key>
			<string>image.jpeg</string>
			<key>name</key>
			<string>product-image.jpg</string>
			<key>path</key>
			<string>../../../../../../../../Desktop/product-image.jpg</string>
			<key>sourceTree</key>
			<string>&lt;group&gt;</string>
		</dict>
		<key>9DCC2D4219CB005100A56E17</key>
		<dict>
			<key>fileRef</key>
			<string>9DCC2D4119CB005100A56E17</string>
			<key>isa</key>
			<string>PBXBuildFile</string>
		</dict>
		<key>9DCC2D4319CB006000A56E17</key>
		<dict>
			<key>children</key>
			<array>
				<string>9DCC2D4419CB007E00A56E17</string>
			</array>
			<key>isa</key>
			<string>PBXGroup</string>
			<key>name</key>
			<string>Fixtures</string>
			<key>path</key>
			<string>Fixtures</string>
			<key>sourceTree</key>
			<string>&lt;group&gt;</string>
		</dict>
		<key>9DCC2D4419CB007E00A56E17</key>
		<dict>
			<key>children</key>
			<array>
				<string>9DCC2D4119CB005100A56E17</string>
			</array>
			<key>isa</key>
			<string>PBXGroup</string>
			<key>name</key>
			<string>Images</string>
			<key>path</key>
			<string>Images</string>
			<key>sourceTree</key>
			<string>&lt;group&gt;</string>
		</dict>
		<key>B8404EBC917596B51E62BE73</key>
		<dict>
			<key>includeInIndex</key>
			<string>1</string>
			<key>isa</key>
			<string>PBXFileReference</string>
			<key>lastKnownFileType</key>
			<string>text.xcconfig</string>
			<key>name</key>
			<string>Pods-CollectionViewExampleTests.release.xcconfig</string>
			<key>path</key>
			<string>Pods-CollectionViewExampleTests.release.xcconfig</string>
			<key>sourceTree</key>
			<string>&lt;group&gt;</string>
		</dict>
		<key>D43AF5815FA5456AA555FB15</key>
		<dict>
			<key>fileRef</key>
			<string>65CF731E267D496FAAF5A3E5</string>
			<key>isa</key>
			<string>PBXBuildFile</string>
		</dict>
		<key>EA1D62EF3684507F435227F6</key>
		<dict>
			<key>includeInIndex</key>
			<string>1</string>
			<key>isa</key>
			<string>PBXFileReference</string>
			<key>lastKnownFileType</key>
			<string>text.xcconfig</string>
			<key>name</key>
			<string>Pods-CollectionViewExample.debug.xcconfig</string>
			<key>path</key>
			<string>Pods-CollectionViewExample.debug.xcconfig</string>
			<key>sourceTree</key>
			<string>&lt;group&gt;</string>
		</dict>
		<key>F0B40F43078D496D9FF18A6E</key>
		<dict>
			<key>buildActionMask</key>
			<string>2147483647</string>
			<key>files</key>
			<array/>
			<key>inputPaths</key>
			<array/>
			<key>isa</key>
			<string>PBXShellScriptBuildPhase</string>
			<key>name</key>
			<string>Check Pods Manifest.lock</string>
			<key>outputPaths</key>
			<array/>
			<key>runOnlyForDeploymentPostprocessing</key>
			<string>0</string>
			<key>shellPath</key>
			<string>/bin/sh</string>
			<key>shellScript</key>
			<string>diff "${PODS_ROOT}/../Podfile.lock" "${PODS_ROOT}/Manifest.lock" &gt; /dev/null
if [[ $? != 0 ]] ; then
    cat &lt;&lt; EOM
error: The sandbox is not in sync with the Podfile.lock. Run 'pod install' or update your CocoaPods installation.
EOM
    exit 1
fi
</string>
			<key>showEnvVarsInLog</key>
			<string>0</string>
		</dict>
		<key>F2AA11755E1A43A9836200F9</key>
		<dict>
			<key>buildActionMask</key>
			<string>2147483647</string>
			<key>files</key>
			<array/>
			<key>inputPaths</key>
			<array/>
			<key>isa</key>
			<string>PBXShellScriptBuildPhase</string>
			<key>name</key>
			<string>Copy Pods Resources</string>
			<key>outputPaths</key>
			<array/>
			<key>runOnlyForDeploymentPostprocessing</key>
			<string>0</string>
			<key>shellPath</key>
			<string>/bin/sh</string>
			<key>shellScript</key>
			<string>"${SRCROOT}/Pods/Target Support Files/Pods-CollectionViewExample/Pods-CollectionViewExample-resources.sh"
</string>
			<key>showEnvVarsInLog</key>
			<string>0</string>
		</dict>
	</dict>
	<key>rootObject</key>
	<string>9D5BBAE31997FD8D000E6A51</string>
</dict>
</plist>
